# This file is generated by running "yarn install" inside your project.
# Manual changes might be lost - proceed with caution!

__metadata:
  version: 8
  cacheKey: 10c0

"@next/env@npm:14.0.1":
  version: 14.0.1
  resolution: "@next/env@npm:14.0.1"
  checksum: f016beb493a1a958b0a084f0ab0c9dbc94b4e032fcb354f45d50c4e4b2dd5089950424e7ea73a7c81416ae6bf8bd82747f1db3b6d6daf273fef42ab08a110d9a
  languageName: node
  linkType: hard

"@next/swc-darwin-arm64@npm:14.0.1":
  version: 14.0.1
  resolution: "@next/swc-darwin-arm64@npm:14.0.1"
  conditions: os=darwin & cpu=arm64
  languageName: node
  linkType: hard

"@next/swc-darwin-x64@npm:14.0.1":
  version: 14.0.1
  resolution: "@next/swc-darwin-x64@npm:14.0.1"
  conditions: os=darwin & cpu=x64
  languageName: node
  linkType: hard

"@next/swc-linux-arm64-gnu@npm:14.0.1":
  version: 14.0.1
  resolution: "@next/swc-linux-arm64-gnu@npm:14.0.1"
  conditions: os=linux & cpu=arm64 & libc=glibc
  languageName: node
  linkType: hard

"@next/swc-linux-arm64-musl@npm:14.0.1":
  version: 14.0.1
  resolution: "@next/swc-linux-arm64-musl@npm:14.0.1"
  conditions: os=linux & cpu=arm64 & libc=musl
  languageName: node
  linkType: hard

"@next/swc-linux-x64-gnu@npm:14.0.1":
  version: 14.0.1
  resolution: "@next/swc-linux-x64-gnu@npm:14.0.1"
  conditions: os=linux & cpu=x64 & libc=glibc
  languageName: node
  linkType: hard

"@next/swc-linux-x64-musl@npm:14.0.1":
  version: 14.0.1
  resolution: "@next/swc-linux-x64-musl@npm:14.0.1"
  conditions: os=linux & cpu=x64 & libc=musl
  languageName: node
  linkType: hard

"@next/swc-win32-arm64-msvc@npm:14.0.1":
  version: 14.0.1
  resolution: "@next/swc-win32-arm64-msvc@npm:14.0.1"
  conditions: os=win32 & cpu=arm64
  languageName: node
  linkType: hard

"@next/swc-win32-ia32-msvc@npm:14.0.1":
  version: 14.0.1
  resolution: "@next/swc-win32-ia32-msvc@npm:14.0.1"
  conditions: os=win32 & cpu=ia32
  languageName: node
  linkType: hard

"@next/swc-win32-x64-msvc@npm:14.0.1":
  version: 14.0.1
  resolution: "@next/swc-win32-x64-msvc@npm:14.0.1"
  conditions: os=win32 & cpu=x64
  languageName: node
  linkType: hard

"@swc/helpers@npm:0.5.2":
  version: 0.5.2
  resolution: "@swc/helpers@npm:0.5.2"
  dependencies:
    tslib: "npm:^2.4.0"
  checksum: b6fa49bcf6c00571d0eb7837b163f8609960d4d77538160585e27ed167361e9776bd6e5eb9646ffac2fb4d43c58df9ca50dab9d96ab097e6591bc82a75fd1164
  languageName: node
  linkType: hard

"@types/prop-types@npm:*":
  version: 15.7.9
  resolution: "@types/prop-types@npm:15.7.9"
  checksum: e2a7373b91a8eb30cb4e399ef5b3a14baa7d72eed1667ef5e3cb1e9400edfca9b60c20b845fefdcf7562773829f6ff60ba350b09f6313a8093e70c15b2b88f00
  languageName: node
  linkType: hard

"@types/react-dom@npm:^18.2.14":
  version: 18.2.14
  resolution: "@types/react-dom@npm:18.2.14"
  dependencies:
    "@types/react": "npm:*"
  checksum: 1f79a7708d038cd651bdb21e01a99c594761bc9a40a565abe98958e1d27facfeb6e9824ddf6ae3504e7a56568f0f3da2380fe52ac18477b5864d2d5cf1386a9e
  languageName: node
  linkType: hard

"@types/react@npm:*, @types/react@npm:^18.2.35":
  version: 18.2.35
  resolution: "@types/react@npm:18.2.35"
  dependencies:
    "@types/prop-types": "npm:*"
    "@types/scheduler": "npm:*"
    csstype: "npm:^3.0.2"
  checksum: dbc19612ab404f06c3c9f150954a377ab223db5724905d39e3468a61e2be0a9fd9240e935af5c13cb5b3307a13bbaf2e8c09a810d720118120a8d0ac5aa9ff10
  languageName: node
  linkType: hard

"@types/scheduler@npm:*":
  version: 0.16.5
  resolution: "@types/scheduler@npm:0.16.5"
  checksum: 625b63cd5dcaf6fb88fe03aa7c797f28cb121f03584126d4811b2d03f39bc3e238ce52cf7685ad8adfe8445d679934e6be47347723a6771ca2058c01f0c33760
  languageName: node
  linkType: hard

"Park-UI-Test@workspace:.":
  version: 0.0.0-use.local
  resolution: "Park-UI-Test@workspace:."
  dependencies:
    "@types/react": "npm:^18.2.35"
    "@types/react-dom": "npm:^18.2.14"
    next: "npm:^14.0.1"
    prettier: "npm:^3.0.3"
    react: "npm:^18.2.0"
    react-dom: "npm:^18.2.0"
    typescript: "npm:^5.2.2"
  languageName: unknown
  linkType: soft

"busboy@npm:1.6.0":
  version: 1.6.0
  resolution: "busboy@npm:1.6.0"
  dependencies:
    streamsearch: "npm:^1.1.0"
  checksum: fa7e836a2b82699b6e074393428b91ae579d4f9e21f5ac468e1b459a244341d722d2d22d10920cdd849743dbece6dca11d72de939fb75a7448825cf2babfba1f
  languageName: node
  linkType: hard

"caniuse-lite@npm:^1.0.30001406":
  version: 1.0.30001561
  resolution: "caniuse-lite@npm:1.0.30001561"
  checksum: 6e84c84026fee53edbdbb5aded7a04a036aae4c2e367cf6bdc90c6783a591e2fdcfcdebcc4e774aca61092e542a61200c8c16b06659396492426033c4dbcc618
  languageName: node
  linkType: hard

"client-only@npm:0.0.1":
  version: 0.0.1
  resolution: "client-only@npm:0.0.1"
  checksum: 9d6cfd0c19e1c96a434605added99dff48482152af791ec4172fb912a71cff9027ff174efd8cdb2160cc7f377543e0537ffc462d4f279bc4701de3f2a3c4b358
  languageName: node
  linkType: hard

"csstype@npm:^3.0.2":
  version: 3.1.2
  resolution: "csstype@npm:3.1.2"
  checksum: 32c038af259897c807ac738d9eab16b3d86747c72b09d5c740978e06f067f9b7b1737e1b75e407c7ab1fe1543dc95f20e202b4786aeb1b8d3bdf5d5ce655e6c6
  languageName: node
  linkType: hard

"glob-to-regexp@npm:^0.4.1":
  version: 0.4.1
  resolution: "glob-to-regexp@npm:0.4.1"
  checksum: 0486925072d7a916f052842772b61c3e86247f0a80cc0deb9b5a3e8a1a9faad5b04fb6f58986a09f34d3e96cd2a22a24b7e9882fb1cf904c31e9a310de96c429
  languageName: node
  linkType: hard

"graceful-fs@npm:^4.1.2":
  version: 4.2.11
  resolution: "graceful-fs@npm:4.2.11"
  checksum: 386d011a553e02bc594ac2ca0bd6d9e4c22d7fa8cfbfc448a6d148c59ea881b092db9dbe3547ae4b88e55f1b01f7c4a2ecc53b310c042793e63aa44cf6c257f2
  languageName: node
  linkType: hard

"js-tokens@npm:^3.0.0 || ^4.0.0":
  version: 4.0.0
  resolution: "js-tokens@npm:4.0.0"
  checksum: e248708d377aa058eacf2037b07ded847790e6de892bbad3dac0abba2e759cb9f121b00099a65195616badcb6eca8d14d975cb3e89eb1cfda644756402c8aeed
  languageName: node
  linkType: hard

"loose-envify@npm:^1.1.0":
  version: 1.4.0
  resolution: "loose-envify@npm:1.4.0"
  dependencies:
    js-tokens: "npm:^3.0.0 || ^4.0.0"
  bin:
    loose-envify: cli.js
  checksum: 655d110220983c1a4b9c0c679a2e8016d4b67f6e9c7b5435ff5979ecdb20d0813f4dec0a08674fcbdd4846a3f07edbb50a36811fd37930b94aaa0d9daceb017e
  languageName: node
  linkType: hard

"nanoid@npm:^3.3.6":
  version: 3.3.6
  resolution: "nanoid@npm:3.3.6"
  bin:
    nanoid: bin/nanoid.cjs
  checksum: 606b355960d0fcbe3d27924c4c52ef7d47d3b57208808ece73279420d91469b01ec1dce10fae512b6d4a8c5a5432b352b228336a8b2202a6ea68e67fa348e2ee
  languageName: node
  linkType: hard

"next@npm:^14.0.1":
  version: 14.0.1
  resolution: "next@npm:14.0.1"
  dependencies:
    "@next/env": "npm:14.0.1"
    "@next/swc-darwin-arm64": "npm:14.0.1"
    "@next/swc-darwin-x64": "npm:14.0.1"
    "@next/swc-linux-arm64-gnu": "npm:14.0.1"
    "@next/swc-linux-arm64-musl": "npm:14.0.1"
    "@next/swc-linux-x64-gnu": "npm:14.0.1"
    "@next/swc-linux-x64-musl": "npm:14.0.1"
    "@next/swc-win32-arm64-msvc": "npm:14.0.1"
    "@next/swc-win32-ia32-msvc": "npm:14.0.1"
    "@next/swc-win32-x64-msvc": "npm:14.0.1"
    "@swc/helpers": "npm:0.5.2"
    busboy: "npm:1.6.0"
    caniuse-lite: "npm:^1.0.30001406"
    postcss: "npm:8.4.31"
    styled-jsx: "npm:5.1.1"
    watchpack: "npm:2.4.0"
  peerDependencies:
    "@opentelemetry/api": ^1.1.0
    react: ^18.2.0
    react-dom: ^18.2.0
    sass: ^1.3.0
  dependenciesMeta:
    "@next/swc-darwin-arm64":
      optional: true
    "@next/swc-darwin-x64":
      optional: true
    "@next/swc-linux-arm64-gnu":
      optional: true
    "@next/swc-linux-arm64-musl":
      optional: true
    "@next/swc-linux-x64-gnu":
      optional: true
    "@next/swc-linux-x64-musl":
      optional: true
    "@next/swc-win32-arm64-msvc":
      optional: true
    "@next/swc-win32-ia32-msvc":
      optional: true
    "@next/swc-win32-x64-msvc":
      optional: true
  peerDependenciesMeta:
    "@opentelemetry/api":
      optional: true
    sass:
      optional: true
  bin:
    next: dist/bin/next
  checksum: 3a3ec178da972a141866494f14c32bb81be736eed7de5898687cfdf30c756ef75afc882f53e46b978021eef379d6aa82b43dd6a38ed05d4098dc0075990bac9c
  languageName: node
  linkType: hard

"picocolors@npm:^1.0.0":
  version: 1.0.0
  resolution: "picocolors@npm:1.0.0"
  checksum: 20a5b249e331c14479d94ec6817a182fd7a5680debae82705747b2db7ec50009a5f6648d0621c561b0572703f84dbef0858abcbd5856d3c5511426afcb1961f7
  languageName: node
  linkType: hard

"postcss@npm:8.4.31":
  version: 8.4.31
  resolution: "postcss@npm:8.4.31"
  dependencies:
    nanoid: "npm:^3.3.6"
    picocolors: "npm:^1.0.0"
    source-map-js: "npm:^1.0.2"
  checksum: 748b82e6e5fc34034dcf2ae88ea3d11fd09f69b6c50ecdd3b4a875cfc7cdca435c958b211e2cb52355422ab6fccb7d8f2f2923161d7a1b281029e4a913d59acf
  languageName: node
  linkType: hard

"prettier@npm:^3.0.3":
  version: 3.0.3
  resolution: "prettier@npm:3.0.3"
  bin:
    prettier: bin/prettier.cjs
  checksum: f950887bc03c5b970d8c6dd129364acfbbc61e7b46aec5d5ce17f4adf6404e2ef43072c98b51c4786e0eaca949b307d362a773fd47502862d754b5a328fa2b26
  languageName: node
  linkType: hard

"react-dom@npm:18.3.0-canary-ce2bc58a9-20231102":
  version: 18.3.0-canary-ce2bc58a9-20231102
  resolution: "react-dom@npm:18.3.0-canary-ce2bc58a9-20231102"
  dependencies:
    loose-envify: "npm:^1.1.0"
    scheduler: "npm:0.24.0-canary-ce2bc58a9-20231102"
  peerDependencies:
    react: 18.3.0-canary-ce2bc58a9-20231102
  checksum: 790785d1c9ea7e668a1fca2efe4dffc873d6ae7a666da10d28c221187f36a0d1b4b6bc443ce692bbfcc1f568af621530ffcfe8c84e8d99c7e000d231ae85e47b
  languageName: node
  linkType: hard

"react@npm:18.3.0-canary-ce2bc58a9-20231102":
  version: 18.3.0-canary-ce2bc58a9-20231102
  resolution: "react@npm:18.3.0-canary-ce2bc58a9-20231102"
  dependencies:
    loose-envify: "npm:^1.1.0"
  checksum: f0b54aa1297ac0384521d6b07e40cc17af02dadc04b447c25e5d077c511a4be6bed2904ffbe4231227ab045f9a8f1b9ba2475ba2f488937d1b914474d1fd9c8b
  languageName: node
  linkType: hard

"scheduler@npm:0.24.0-canary-ce2bc58a9-20231102":
  version: 0.24.0-canary-ce2bc58a9-20231102
  resolution: "scheduler@npm:0.24.0-canary-ce2bc58a9-20231102"
  dependencies:
    loose-envify: "npm:^1.1.0"
  checksum: e61b5f7ffc53af6b35f815eeab5e3e0a065929d089957e44deb07116cf20a45e500ceeb4e529005997433e43a899d378f961114dc9e556f73201179f37e6cbab
  languageName: node
  linkType: hard

"source-map-js@npm:^1.0.2":
  version: 1.0.2
  resolution: "source-map-js@npm:1.0.2"
  checksum: 32f2dfd1e9b7168f9a9715eb1b4e21905850f3b50cf02cf476e47e4eebe8e6b762b63a64357896aa29b37e24922b4282df0f492e0d2ace572b43d15525976ff8
  languageName: node
  linkType: hard

"streamsearch@npm:^1.1.0":
  version: 1.1.0
  resolution: "streamsearch@npm:1.1.0"
  checksum: fbd9aecc2621364384d157f7e59426f4bfd385e8b424b5aaa79c83a6f5a1c8fd2e4e3289e95de1eb3511cb96bb333d6281a9919fafce760e4edb35b2cd2facab
  languageName: node
  linkType: hard

"styled-jsx@npm:5.1.1":
  version: 5.1.1
  resolution: "styled-jsx@npm:5.1.1"
  dependencies:
    client-only: "npm:0.0.1"
  peerDependencies:
    react: ">= 16.8.0 || 17.x.x || ^18.0.0-0"
  peerDependenciesMeta:
    "@babel/core":
      optional: true
    babel-plugin-macros:
      optional: true
  checksum: 42655cdadfa5388f8a48bb282d6b450df7d7b8cf066ac37038bd0499d3c9f084815ebd9ff9dfa12a218fd4441338851db79603498d7557207009c1cf4d609835
  languageName: node
  linkType: hard

"tslib@npm:^2.4.0":
  version: 2.6.2
  resolution: "tslib@npm:2.6.2"
  checksum: e03a8a4271152c8b26604ed45535954c0a45296e32445b4b87f8a5abdb2421f40b59b4ca437c4346af0f28179780d604094eb64546bee2019d903d01c6c19bdb
  languageName: node
  linkType: hard

"typescript@npm:^5.2.2":
  version: 5.2.2
  resolution: "typescript@npm:5.2.2"
  bin:
    tsc: bin/tsc
    tsserver: bin/tsserver
  checksum: 91ae3e6193d0ddb8656d4c418a033f0f75dec5e077ebbc2bd6d76439b93f35683936ee1bdc0e9cf94ec76863aa49f27159b5788219b50e1cd0cd6d110aa34b07
  languageName: node
  linkType: hard

"typescript@patch:typescript@npm%3A^5.2.2#optional!builtin<compat/typescript>":
  version: 5.2.2
  resolution: "typescript@patch:typescript@npm%3A5.2.2#optional!builtin<compat/typescript>::version=5.2.2&hash=f3b441"
  bin:
    tsc: bin/tsc
    tsserver: bin/tsserver
  checksum: 062c1cee1990e6b9419ce8a55162b8dc917eb87f807e4de0327dbc1c2fa4e5f61bc0dd4e034d38ff541d1ed0479b53bcee8e4de3a4075c51a1724eb6216cb6f5
  languageName: node
  linkType: hard

"watchpack@npm:2.4.0":
  version: 2.4.0
  resolution: "watchpack@npm:2.4.0"
  dependencies:
    glob-to-regexp: "npm:^0.4.1"
    graceful-fs: "npm:^4.1.2"
  checksum: c5e35f9fb9338d31d2141d9835643c0f49b5f9c521440bb648181059e5940d93dd8ed856aa8a33fbcdd4e121dad63c7e8c15c063cf485429cd9d427be197fe62
  languageName: node
  linkType: hard
